github.com/eiannone/keyboard v0.0.0-20220611211555-0d226195f203 h1:XBBHcIb256gUJtLmY22n99HaZTz+r2Z51xUPi01m3wg=
github.com/eiannone/keyboard v0.0.0-20220611211555-0d226195f203/go.mod h1:E1jcSv8FaEny+OP/5k9UxZVw9YFWGj7eI4KR/iOBqCg=
golang.org/x/sys v0.0.0-20220909162455-aba9fc2a8ff2 h1:wM1k/lXfpc5HdkJJyW9GELpd8ERGdnh8sMGL6Gzq3Ho=
golang.org/x/sys v0.0.0-20220909162455-aba9fc2a8ff2/go.mod h1:oPkhp1MJrh7nUepCBck5+mAzfO9JrbApNNgaTdGDITg=
