github.com/eiannone/keyboard v0.0.0-20220611211555-0d226195f203 h1:XBBHcIb256gUJtLmY22n99HaZTz+r2Z51xUPi01m3wg=
github.com/eiannone/keyboard v0.0.0-20220611211555-0d226195f203/go.mod h1:E1jcSv8FaEny+OP/5k9UxZVw9YFWGj7eI4KR/iOBqCg=
golang.org/x/sys v0.0.0-20220907062415-87db552b00fd h1:AZeIEzg+8RCELJYq8w+ODLVxFgLMMigSwO/ffKPEd9U=
golang.org/x/sys v0.0.0-20220907062415-87db552b00fd/go.mod h1:oPkhp1MJrh7nUepCBck5+mAzfO9JrbApNNgaTdGDITg=
